
Microsoft Visual Studio Solution File, Format Version 12.00
# Visual Studio Version 16
VisualStudioVersion = 16.0.30320.27
MinimumVisualStudioVersion = 10.0.40219.1
Project("{FAE04EC0-301F-11D3-BF4B-00C04F79EFBC}") = "TaM", "TaM\TaM.csproj", "{71748334-FC97-4234-8378-0B2CDDA147F6}"
EndProject
Project("{FAE04EC0-301F-11D3-BF4B-00C04F79EFBC}") = "TaMTest", "TaMTest\TaMTest.csproj", "{C985EB36-03DE-43C6-B156-500174D42FC9}"
EndProject
Global
	GlobalSection(SolutionConfigurationPlatforms) = preSolution
		Debug|Any CPU = Debug|Any CPU
		Release|Any CPU = Release|Any CPU
	EndGlobalSection
	GlobalSection(ProjectConfigurationPlatforms) = postSolution
		{71748334-FC97-4234-8378-0B2CDDA147F6}.Debug|Any CPU.ActiveCfg = Debug|Any CPU
		{71748334-FC97-4234-8378-0B2CDDA147F6}.Debug|Any CPU.Build.0 = Debug|Any CPU
		{71748334-FC97-4234-8378-0B2CDDA147F6}.Release|Any CPU.ActiveCfg = Release|Any CPU
		{71748334-FC97-4234-8378-0B2CDDA147F6}.Release|Any CPU.Build.0 = Release|Any CPU
		{C985EB36-03DE-43C6-B156-500174D42FC9}.Debug|Any CPU.ActiveCfg = Debug|Any CPU
		{C985EB36-03DE-43C6-B156-500174D42FC9}.Debug|Any CPU.Build.0 = Debug|Any CPU
		{C985EB36-03DE-43C6-B156-500174D42FC9}.Release|Any CPU.ActiveCfg = Release|Any CPU
		{C985EB36-03DE-43C6-B156-500174D42FC9}.Release|Any CPU.Build.0 = Release|Any CPU
	EndGlobalSection
	GlobalSection(SolutionProperties) = preSolution
		HideSolutionNode = FALSE
	EndGlobalSection
	GlobalSection(ExtensibilityGlobals) = postSolution
		SolutionGuid = {53C17C9B-D397-4E11-99D6-7E39B5AB413B}
	EndGlobalSection
EndGlobal
